// !$*UTF8*$!
{
	archiveVersion = 1;
	classes = {
	};
	objectVersion = 46;
	objects = {

/* Begin PBXBuildFile section */
		D62DD38A1E82BB1000F2F1AC /* main.m in Sources */ = {isa = PBXBuildFile; fileRef = D62DD3891E82BB1000F2F1AC /* main.m */; };
		D62DD38D1E82BB1000F2F1AC /* AppDelegate.m in Sources */ = {isa = PBXBuildFile; fileRef = D62DD38C1E82BB1000F2F1AC /* AppDelegate.m */; };
		D62DD3901E82BB1000F2F1AC /* ViewController.m in Sources */ = {isa = PBXBuildFile; fileRef = D62DD38F1E82BB1000F2F1AC /* ViewController.m */; };
		D62DD3931E82BB1000F2F1AC /* Main.storyboard in Resources */ = {isa = PBXBuildFile; fileRef = D62DD3911E82BB1000F2F1AC /* Main.storyboard */; };
		D62DD3951E82BB1000F2F1AC /* Assets.xcassets in Resources */ = {isa = PBXBuildFile; fileRef = D62DD3941E82BB1000F2F1AC /* Assets.xcassets */; };
		D62DD3981E82BB1000F2F1AC /* LaunchScreen.storyboard in Resources */ = {isa = PBXBuildFile; fileRef = D62DD3961E82BB1000F2F1AC /* LaunchScreen.storyboard */; };
		E485DBA67E8ECD76FB294839 /* libPods-xxx.a in Frameworks */ = {isa = PBXBuildFile; fileRef = 194554A1D4C173435D87A4F2 /* libPods-xxx.a */; };
/* End PBXBuildFile section */

/* Begin PBXFileReference section */
		194554A1D4C173435D87A4F2 /* libPods-xxx.a */ = {isa = PBXFileReference; explicitFileType = archive.ar; includeInIndex = 0; path = "libPods-xxx.a"; sourceTree = BUILT_PRODUCTS_DIR; };
		8DB7BA3E167DE530FAF902DE /* Pods-xxx.debug.xcconfig */ = {isa = PBXFileReference; includeInIndex = 1; lastKnownFileType = text.xcconfig; name = "Pods-xxx.debug.xcconfig"; path = "Pods/Target Support Files/Pods-xxx/Pods-xxx.debug.xcconfig"; sourceTree = "<group>"; };
		C782583F4FB2D0BC931614DA /* Pods-xxx.release.xcconfig */ = {isa = PBXFileReference; includeInIndex = 1; lastKnownFileType = text.xcconfig; name = "Pods-xxx.release.xcconfig"; path = "Pods/Target Support Files/Pods-xxx/Pods-xxx.release.xcconfig"; sourceTree = "<group>"; };
		D62DD3851E82BB1000F2F1AC /* xxx.app */ = {isa = PBXFileReference; explicitFileType = wrapper.application; includeInIndex = 0; path = xxx.app; sourceTree = BUILT_PRODUCTS_DIR; };
		D62DD3891E82BB1000F2F1AC /* main.m */ = {isa = PBXFileReference; lastKnownFileType = sourcecode.c.objc; path = main.m; sourceTree = "<group>"; };
		D62DD38B1E82BB1000F2F1AC /* AppDelegate.h */ = {isa = PBXFileReference; lastKnownFileType = sourcecode.c.h; path = AppDelegate.h; sourceTree = "<group>"; };
		D62DD38C1E82BB1000F2F1AC /* AppDelegate.m */ = {isa = PBXFileReference; lastKnownFileType = sourcecode.c.objc; path = AppDelegate.m; sourceTree = "<group>"; };
		D62DD38E1E82BB1000F2F1AC /* ViewController.h */ = {isa = PBXFileReference; lastKnownFileType = sourcecode.c.h; path = ViewController.h; sourceTree = "<group>"; };
		D62DD38F1E82BB1000F2F1AC /* ViewController.m */ = {isa = PBXFileReference; lastKnownFileType = sourcecode.c.objc; path = ViewController.m; sourceTree = "<group>"; };
		D62DD3921E82BB1000F2F1AC /* Base */ = {isa = PBXFileReference; lastKnownFileType = file.storyboard; name = Base; path = Base.lproj/Main.storyboard; sourceTree = "<group>"; };
		D62DD3941E82BB1000F2F1AC /* Assets.xcassets */ = {isa = PBXFileReference; lastKnownFileType = folder.assetcatalog; path = Assets.xcassets; sourceTree = "<group>"; };
		D62DD3971E82BB1000F2F1AC /* Base */ = {isa = PBXFileReference; lastKnownFileType = file.storyboard; name = Base; path = Base.lproj/LaunchScreen.storyboard; sourceTree = "<group>"; };
		D62DD3991E82BB1000F2F1AC /* Info.plist */ = {isa = PBXFileReference; lastKnownFileType = text.plist.xml; path = Info.plist; sourceTree = "<group>"; };
/* End PBXFileReference section */

/* Begin PBXFrameworksBuildPhase section */
		D62DD3821E82BB1000F2F1AC /* Frameworks */ = {
			isa = PBXFrameworksBuildPhase;
			buildActionMask = 2147483647;
			files = (
				E485DBA67E8ECD76FB294839 /* libPods-xxx.a in Frameworks */,
			);
			runOnlyForDeploymentPostprocessing = 0;
		};
/* End PBXFrameworksBuildPhase section */

/* Begin PBXGroup section */
		9B64851F9002BA5DCA7C1A44 /* Frameworks */ = {
			isa = PBXGroup;
			children = (
				194554A1D4C173435D87A4F2 /* libPods-xxx.a */,
			);
			name = Frameworks;
			sourceTree = "<group>";
		};
		D62DD37C1E82BB1000F2F1AC = {
			isa = PBXGroup;
			children = (
				D62DD3871E82BB1000F2F1AC /* xxx */,
				D62DD3861E82BB1000F2F1AC /* Products */,
				DCE9ACFB13DEA49E49AEFAD2 /* Pods */,
				9B64851F9002BA5DCA7C1A44 /* Frameworks */,
			);
			sourceTree = "<group>";
		};
		D62DD3861E82BB1000F2F1AC /* Products */ = {
			isa = PBXGroup;
			children = (
				D62DD3851E82BB1000F2F1AC /* xxx.app */,
			);
			name = Products;
			sourceTree = "<group>";
		};
		D62DD3871E82BB1000F2F1AC /* xxx */ = {
			isa = PBXGroup;
			children = (
				D62DD38B1E82BB1000F2F1AC /* AppDelegate.h */,
				D62DD38C1E82BB1000F2F1AC /* AppDelegate.m */,
				D62DD38E1E82BB1000F2F1AC /* ViewController.h */,
				D62DD38F1E82BB1000F2F1AC /* ViewController.m */,
				D62DD3911E82BB1000F2F1AC /* Main.storyboard */,
				D62DD3941E82BB1000F2F1AC /* Assets.xcassets */,
				D62DD3961E82BB1000F2F1AC /* LaunchScreen.storyboard */,
				D62DD3991E82BB1000F2F1AC /* Info.plist */,
				D62DD3881E82BB1000F2F1AC /* Supporting Files */,
			);
			path = xxx;
			sourceTree = "<group>";
		};
		D62DD3881E82BB1000F2F1AC /* Supporting Files */ = {
			isa = PBXGroup;
			children = (
				D62DD3891E82BB1000F2F1AC /* main.m */,
			);
			name = "Supporting Files";
			sourceTree = "<group>";
		};
		DCE9ACFB13DEA49E49AEFAD2 /* Pods */ = {
			isa = PBXGroup;
			children = (
				8DB7BA3E167DE530FAF902DE /* Pods-xxx.debug.xcconfig */,
				C782583F4FB2D0BC931614DA /* Pods-xxx.release.xcconfig */,
			);
			name = Pods;
			sourceTree = "<group>";
		};
/* End PBXGroup section */

/* Begin PBXNativeTarget section */
		D62DD3841E82BB1000F2F1AC /* xxx */ = {
			isa = PBXNativeTarget;
			buildConfigurationList = D62DD39C1E82BB1000F2F1AC /* Build configuration list for PBXNativeTarget "xxx" */;
			buildPhases = (
				3F50FC82ED3F5C1E3FC98656 /* [CP] Check Pods Manifest.lock */,
				D62DD3811E82BB1000F2F1AC /* Sources */,
				D62DD3821E82BB1000F2F1AC /* Frameworks */,
				D62DD3831E82BB1000F2F1AC /* Resources */,
				5FDD4820EF5F972B124875F6 /* [CP] Embed Pods Frameworks */,
				B2FDBEECFC2548EE9DB52C73 /* [CP] Copy Pods Resources */,
			);
			buildRules = (
			);
			dependencies = (
			);
			name = xxx;
			productName = xxx;
			productReference = D62DD3851E82BB1000F2F1AC /* xxx.app */;
			productType = "com.apple.product-type.application";
		};
/* End PBXNativeTarget section */

/* Begin PBXProject section */
		D62DD37D1E82BB1000F2F1AC /* Project object */ = {
			isa = PBXProject;
			attributes = {
				LastUpgradeCheck = 0820;
				ORGANIZATIONNAME = "秦榕";
				TargetAttributes = {
					D62DD3841E82BB1000F2F1AC = {
						CreatedOnToolsVersion = 8.2.1;
						DevelopmentTeam = 7PJUU7699F;
						ProvisioningStyle = Automatic;
					};
				};
			};
			buildConfigurationList = D62DD3801E82BB1000F2F1AC /* Build configuration list for PBXProject "xxx" */;
			compatibilityVersion = "Xcode 3.2";
			developmentRegion = English;
			hasScannedForEncodings = 0;
			knownRegions = (
				en,
				Base,
			);
			mainGroup = D62DD37C1E82BB1000F2F1AC;
			productRefGroup = D62DD3861E82BB1000F2F1AC /* Products */;
			projectDirPath = "";
			projectRoot = "";
			targets = (
				D62DD3841E82BB1000F2F1AC /* xxx */,
			);
		};
/* End PBXProject section */

/* Begin PBXResourcesBuildPhase section */
		D62DD3831E82BB1000F2F1AC /* Resources */ = {
			isa = PBXResourcesBuildPhase;
			buildActionMask = 2147483647;
			files = (
				D62DD3981E82BB1000F2F1AC /* LaunchScreen.storyboard in Resources */,
				D62DD3951E82BB1000F2F1AC /* Assets.xcassets in Resources */,
				D62DD3931E82BB1000F2F1AC /* Main.storyboard in Resources */,
			);
			runOnlyForDeploymentPostprocessing = 0;
		};
/* End PBXResourcesBuildPhase section */

/* Begin PBXShellScriptBuildPhase section */
		3F50FC82ED3F5C1E3FC98656 /* [CP] Check Pods Manifest.lock */ = {
			isa = PBXShellScriptBuildPhase;
			buildActionMask = 2147483647;
			files = (
			);
			inputPaths = (
			);
			name = "[CP] Check Pods Manifest.lock";
			outputPaths = (
			);
			runOnlyForDeploymentPostprocessing = 0;
			shellPath = /bin/sh;
			shellScript = "diff \"${PODS_ROOT}/../Podfile.lock\" \"${PODS_ROOT}/Manifest.lock\" > /dev/null\nif [ $? != 0 ] ; then\n    # print error to STDERR\n    echo \"error: The sandbox is not in sync with the Podfile.lock. Run 'pod install' or update your CocoaPods installation.\" >&2\n    exit 1\nfi\n";
			showEnvVarsInLog = 0;
		};
		5FDD4820EF5F972B124875F6 /* [CP] Embed Pods Frameworks */ = {
			isa = PBXShellScriptBuildPhase;
			buildActionMask = 2147483647;
			files = (
			);
			inputPaths = (
			);
			name = "[CP] Embed Pods Frameworks";
			outputPaths = (
			);
			runOnlyForDeploymentPostprocessing = 0;
			shellPath = /bin/sh;
			shellScript = "\"${SRCROOT}/Pods/Target Support Files/Pods-xxx/Pods-xxx-frameworks.sh\"\n";
			showEnvVarsInLog = 0;
		};
		B2FDBEECFC2548EE9DB52C73 /* [CP] Copy Pods Resources */ = {
			isa = PBXShellScriptBuildPhase;
			buildActionMask = 2147483647;
			files = (
			);
			inputPaths = (
			);
			name = "[CP] Copy Pods Resources";
			outputPaths = (
			);
			runOnlyForDeploymentPostprocessing = 0;
			shellPath = /bin/sh;
			shellScript = "\"${SRCROOT}/Pods/Target Support Files/Pods-xxx/Pods-xxx-resources.sh\"\n";
			showEnvVarsInLog = 0;
		};
/* End PBXShellScriptBuildPhase section */

/* Begin PBXSourcesBuildPhase section */
		D62DD3811E82BB1000F2F1AC /* Sources */ = {
			isa = PBXSourcesBuildPhase;
			buildActionMask = 2147483647;
			files = (
				D62DD3901E82BB1000F2F1AC /* ViewController.m in Sources */,
				D62DD38D1E82BB1000F2F1AC /* AppDelegate.m in Sources */,
				D62DD38A1E82BB1000F2F1AC /* main.m in Sources */,
			);
			runOnlyForDeploymentPostprocessing = 0;
		};
/* End PBXSourcesBuildPhase section */

/* Begin PBXVariantGroup section */
		D62DD3911E82BB1000F2F1AC /* Main.storyboard */ = {
			isa = PBXVariantGroup;
			children = (
				D62DD3921E82BB1000F2F1AC /* Base */,
			);
			name = Main.storyboard;
			sourceTree = "<group>";
		};
		D62DD3961E82BB1000F2F1AC /* LaunchScreen.storyboard */ = {
			isa = PBXVariantGroup;
			children = (
				D62DD3971E82BB1000F2F1AC /* Base */,
			);
			name = LaunchScreen.storyboard;
			sourceTree = "<group>";
		};
/* End PBXVariantGroup section */

/* Begin XCBuildConfiguration section */
		D62DD39A1E82BB1000F2F1AC /* Debug */ = {
			isa = XCBuildConfiguration;
			buildSettings = {
				ALWAYS_SEARCH_USER_PATHS = NO;
				CLANG_ANALYZER_NONNULL = YES;
				CLANG_CXX_LANGUAGE_STANDARD = "gnu++0x";
				CLANG_CXX_LIBRARY = "libc++";
				CLANG_ENABLE_MODULES = YES;
				CLANG_ENABLE_OBJC_ARC = YES;
				CLANG_WARN_BOOL_CONVERSION = YES;
				CLANG_WARN_CONSTANT_CONVERSION = YES;
				CLANG_WARN_DIRECT_OBJC_ISA_USAGE = YES_ERROR;
				CLANG_WARN_DOCUMENTATION_COMMENTS = YES;
				CLANG_WARN_EMPTY_BODY = YES;
				CLANG_WARN_ENUM_CONVERSION = YES;
				CLANG_WARN_INFINITE_RECURSION = YES;
				CLANG_WARN_INT_CONVERSION = YES;
				CLANG_WARN_OBJC_ROOT_CLASS = YES_ERROR;
				CLANG_WARN_SUSPICIOUS_MOVE = YES;
				CLANG_WARN_UNREACHABLE_CODE = YES;
				CLANG_WARN__DUPLICATE_METHOD_MATCH = YES;
				"CODE_SIGN_IDENTITY[sdk=iphoneos*]" = "iPhone Developer";
				COPY_PHASE_STRIP = NO;
				DEBUG_INFORMATION_FORMAT = dwarf;
				ENABLE_STRICT_OBJC_MSGSEND = YES;
				ENABLE_TESTABILITY = YES;
				GCC_C_LANGUAGE_STANDARD = gnu99;
				GCC_DYNAMIC_NO_PIC = NO;
				GCC_NO_COMMON_BLOCKS = YES;
				GCC_OPTIMIZATION_LEVEL = 0;
				GCC_PREPROCESSOR_DEFINITIONS = (
					"DEBUG=1",
					"$(inherited)",
				);
				GCC_WARN_64_TO_32_BIT_CONVERSION = YES;
				GCC_WARN_ABOUT_RETURN_TYPE = YES_ERROR;
				GCC_WARN_UNDECLARED_SELECTOR = YES;
				GCC_WARN_UNINITIALIZED_AUTOS = YES_AGGRESSIVE;
				GCC_WARN_UNUSED_FUNCTION = YES;
				GCC_WARN_UNUSED_VARIABLE = YES;
				IPHONEOS_DEPLOYMENT_TARGET = 10.2;
				MTL_ENABLE_DEBUG_INFO = YES;
				ONLY_ACTIVE_ARCH = YES;
				SDKROOT = iphoneos;
			};
			name = Debug;
		};
		D62DD39B1E82BB1000F2F1AC /* Release */ = {
			isa = XCBuildConfiguration;
			buildSettings = {
				ALWAYS_SEARCH_USER_PATHS = NO;
				CLANG_ANALYZER_NONNULL = YES;
				CLANG_CXX_LANGUAGE_STANDARD = "gnu++0x";
				CLANG_CXX_LIBRARY = "libc++";
				CLANG_ENABLE_MODULES = YES;
				CLANG_ENABLE_OBJC_ARC = YES;
				CLANG_WARN_BOOL_CONVERSION = YES;
				CLANG_WARN_CONSTANT_CONVERSION = YES;
				CLANG_WARN_DIRECT_OBJC_ISA_USAGE = YES_ERROR;
				CLANG_WARN_DOCUMENTATION_COMMENTS = YES;
				CLANG_WARN_EMPTY_BODY = YES;
				CLANG_WARN_ENUM_CONVERSION = YES;
				CLANG_WARN_INFINITE_RECURSION = YES;
				CLANG_WARN_INT_CONVERSION = YES;
				CLANG_WARN_OBJC_ROOT_CLASS = YES_ERROR;
				CLANG_WARN_SUSPICIOUS_MOVE = YES;
				CLANG_WARN_UNREACHABLE_CODE = YES;
				CLANG_WARN__DUPLICATE_METHOD_MATCH = YES;
				"CODE_SIGN_IDENTITY[sdk=iphoneos*]" = "iPhone Developer";
				COPY_PHASE_STRIP = NO;
				DEBUG_INFORMATION_FORMAT = "dwarf-with-dsym";
				ENABLE_NS_ASSERTIONS = NO;
				ENABLE_STRICT_OBJC_MSGSEND = YES;
				GCC_C_LANGUAGE_STANDARD = gnu99;
				GCC_NO_COMMON_BLOCKS = YES;
				GCC_WARN_64_TO_32_BIT_CONVERSION = YES;
				GCC_WARN_ABOUT_RETURN_TYPE = YES_ERROR;
				GCC_WARN_UNDECLARED_SELECTOR = YES;
				GCC_WARN_UNINITIALIZED_AUTOS = YES_AGGRESSIVE;
				GCC_WARN_UNUSED_FUNCTION = YES;
				GCC_WARN_UNUSED_VARIABLE = YES;
				IPHONEOS_DEPLOYMENT_TARGET = 10.2;
				MTL_ENABLE_DEBUG_INFO = NO;
				SDKROOT = iphoneos;
				VALIDATE_PRODUCT = YES;
			};
			name = Release;
		};
		D62DD39D1E82BB1000F2F1AC /* Debug */ = {
			isa = XCBuildConfiguration;
			baseConfigurationReference = 8DB7BA3E167DE530FAF902DE /* Pods-xxx.debug.xcconfig */;
			buildSettings = {
				ASSETCATALOG_COMPILER_APPICON_NAME = AppIcon;
				DEVELOPMENT_TEAM = 7PJUU7699F;
				INFOPLIST_FILE = xxx/Info.plist;
				LD_RUNPATH_SEARCH_PATHS = "$(inherited) @executable_path/Frameworks";
				PRODUCT_BUNDLE_IDENTIFIER = "--.xxx";
				PRODUCT_NAME = "$(TARGET_NAME)";
			};
			name = Debug;
		};
		D62DD39E1E82BB1000F2F1AC /* Release */ = {
			isa = XCBuildConfiguration;
			baseConfigurationReference = C782583F4FB2D0BC931614DA /* Pods-xxx.release.xcconfig */;
			buildSettings = {
				ASSETCATALOG_COMPILER_APPICON_NAME = AppIcon;
				DEVELOPMENT_TEAM = 7PJUU7699F;
				INFOPLIST_FILE = xxx/Info.plist;
				LD_RUNPATH_SEARCH_PATHS = "$(inherited) @executable_path/Frameworks";
				PRODUCT_BUNDLE_IDENTIFIER = "--.xxx";
				PRODUCT_NAME = "$(TARGET_NAME)";
			};
			name = Release;
		};
/* End XCBuildConfiguration section */

/* Begin XCConfigurationList section */
		D62DD3801E82BB1000F2F1AC /* Build configuration list for PBXProject "xxx" */ = {
			isa = XCConfigurationList;
			buildConfigurations = (
				D62DD39A1E82BB1000F2F1AC /* Debug */,
				D62DD39B1E82BB1000F2F1AC /* Release */,
			);
			defaultConfigurationIsVisible = 0;
			defaultConfigurationName = Release;
		};
		D62DD39C1E82BB1000F2F1AC /* Build configuration list for PBXNativeTarget "xxx" */ = {
			isa = XCConfigurationList;
			buildConfigurations = (
				D62DD39D1E82BB1000F2F1AC /* Debug */,
				D62DD39E1E82BB1000F2F1AC /* Release */,
			);
			defaultConfigurationIsVisible = 0;
		};
/* End XCConfigurationList section */
	};
	rootObject = D62DD37D1E82BB1000F2F1AC /* Project object */;
}
