// !$*UTF8*$!
{
	archiveVersion = 1;
	classes = {
	};
	objectVersion = 46;
	objects = {

/* Begin PBXBuildFile section */
		D66F16DD1E5767BA00ABECE9 /* main.m in Sources */ = {isa = PBXBuildFile; fileRef = D66F16DC1E5767BA00ABECE9 /* main.m */; };
		D66F16E01E5767BA00ABECE9 /* AppDelegate.m in Sources */ = {isa = PBXBuildFile; fileRef = D66F16DF1E5767BA00ABECE9 /* AppDelegate.m */; };
		D66F16E31E5767BA00ABECE9 /* ViewController.m in Sources */ = {isa = PBXBuildFile; fileRef = D66F16E21E5767BA00ABECE9 /* ViewController.m */; };
		D66F16E61E5767BA00ABECE9 /* Main.storyboard in Resources */ = {isa = PBXBuildFile; fileRef = D66F16E41E5767BA00ABECE9 /* Main.storyboard */; };
		D66F16E81E5767BA00ABECE9 /* Assets.xcassets in Resources */ = {isa = PBXBuildFile; fileRef = D66F16E71E5767BA00ABECE9 /* Assets.xcassets */; };
		D66F16EB1E5767BA00ABECE9 /* LaunchScreen.storyboard in Resources */ = {isa = PBXBuildFile; fileRef = D66F16E91E5767BA00ABECE9 /* LaunchScreen.storyboard */; };
		D670FC681E68633C00CC284B /* main.m in Sources */ = {isa = PBXBuildFile; fileRef = D670FC671E68633C00CC284B /* main.m */; };
		D670FC6B1E68633C00CC284B /* AppDelegate.m in Sources */ = {isa = PBXBuildFile; fileRef = D670FC6A1E68633C00CC284B /* AppDelegate.m */; };
		D670FC6E1E68633C00CC284B /* ViewController.m in Sources */ = {isa = PBXBuildFile; fileRef = D670FC6D1E68633C00CC284B /* ViewController.m */; };
		D670FC711E68633C00CC284B /* Main.storyboard in Resources */ = {isa = PBXBuildFile; fileRef = D670FC6F1E68633C00CC284B /* Main.storyboard */; };
		D670FC741E68633C00CC284B /* yes.xcdatamodeld in Sources */ = {isa = PBXBuildFile; fileRef = D670FC721E68633C00CC284B /* yes.xcdatamodeld */; };
		D670FC761E68633C00CC284B /* Assets.xcassets in Resources */ = {isa = PBXBuildFile; fileRef = D670FC751E68633C00CC284B /* Assets.xcassets */; };
		D670FC791E68633C00CC284B /* LaunchScreen.storyboard in Resources */ = {isa = PBXBuildFile; fileRef = D670FC771E68633C00CC284B /* LaunchScreen.storyboard */; };
		D670FC801E68676800CC284B /* dddd.m in Sources */ = {isa = PBXBuildFile; fileRef = D670FC7F1E68676800CC284B /* dddd.m */; };
/* End PBXBuildFile section */

/* Begin PBXFileReference section */
		D66F16D81E5767B900ABECE9 /* WKwebview.app */ = {isa = PBXFileReference; explicitFileType = wrapper.application; includeInIndex = 0; path = WKwebview.app; sourceTree = BUILT_PRODUCTS_DIR; };
		D66F16DC1E5767BA00ABECE9 /* main.m */ = {isa = PBXFileReference; lastKnownFileType = sourcecode.c.objc; path = main.m; sourceTree = "<group>"; };
		D66F16DE1E5767BA00ABECE9 /* AppDelegate.h */ = {isa = PBXFileReference; lastKnownFileType = sourcecode.c.h; path = AppDelegate.h; sourceTree = "<group>"; };
		D66F16DF1E5767BA00ABECE9 /* AppDelegate.m */ = {isa = PBXFileReference; lastKnownFileType = sourcecode.c.objc; path = AppDelegate.m; sourceTree = "<group>"; };
		D66F16E11E5767BA00ABECE9 /* ViewController.h */ = {isa = PBXFileReference; lastKnownFileType = sourcecode.c.h; path = ViewController.h; sourceTree = "<group>"; };
		D66F16E21E5767BA00ABECE9 /* ViewController.m */ = {isa = PBXFileReference; lastKnownFileType = sourcecode.c.objc; path = ViewController.m; sourceTree = "<group>"; };
		D66F16E51E5767BA00ABECE9 /* Base */ = {isa = PBXFileReference; lastKnownFileType = file.storyboard; name = Base; path = Base.lproj/Main.storyboard; sourceTree = "<group>"; };
		D66F16E71E5767BA00ABECE9 /* Assets.xcassets */ = {isa = PBXFileReference; lastKnownFileType = folder.assetcatalog; path = Assets.xcassets; sourceTree = "<group>"; };
		D66F16EA1E5767BA00ABECE9 /* Base */ = {isa = PBXFileReference; lastKnownFileType = file.storyboard; name = Base; path = Base.lproj/LaunchScreen.storyboard; sourceTree = "<group>"; };
		D66F16EC1E5767BA00ABECE9 /* Info.plist */ = {isa = PBXFileReference; lastKnownFileType = text.plist.xml; path = Info.plist; sourceTree = "<group>"; };
		D670FC641E68633C00CC284B /* yes.app */ = {isa = PBXFileReference; explicitFileType = wrapper.application; includeInIndex = 0; path = yes.app; sourceTree = BUILT_PRODUCTS_DIR; };
		D670FC671E68633C00CC284B /* main.m */ = {isa = PBXFileReference; lastKnownFileType = sourcecode.c.objc; path = main.m; sourceTree = "<group>"; };
		D670FC691E68633C00CC284B /* AppDelegate.h */ = {isa = PBXFileReference; lastKnownFileType = sourcecode.c.h; path = AppDelegate.h; sourceTree = "<group>"; };
		D670FC6A1E68633C00CC284B /* AppDelegate.m */ = {isa = PBXFileReference; lastKnownFileType = sourcecode.c.objc; path = AppDelegate.m; sourceTree = "<group>"; };
		D670FC6C1E68633C00CC284B /* ViewController.h */ = {isa = PBXFileReference; lastKnownFileType = sourcecode.c.h; path = ViewController.h; sourceTree = "<group>"; };
		D670FC6D1E68633C00CC284B /* ViewController.m */ = {isa = PBXFileReference; lastKnownFileType = sourcecode.c.objc; path = ViewController.m; sourceTree = "<group>"; };
		D670FC701E68633C00CC284B /* Base */ = {isa = PBXFileReference; lastKnownFileType = file.storyboard; name = Base; path = Base.lproj/Main.storyboard; sourceTree = "<group>"; };
		D670FC731E68633C00CC284B /* yes.xcdatamodel */ = {isa = PBXFileReference; lastKnownFileType = wrapper.xcdatamodel; path = yes.xcdatamodel; sourceTree = "<group>"; };
		D670FC751E68633C00CC284B /* Assets.xcassets */ = {isa = PBXFileReference; lastKnownFileType = folder.assetcatalog; path = Assets.xcassets; sourceTree = "<group>"; };
		D670FC781E68633C00CC284B /* Base */ = {isa = PBXFileReference; lastKnownFileType = file.storyboard; name = Base; path = Base.lproj/LaunchScreen.storyboard; sourceTree = "<group>"; };
		D670FC7A1E68633C00CC284B /* Info.plist */ = {isa = PBXFileReference; lastKnownFileType = text.plist.xml; path = Info.plist; sourceTree = "<group>"; };
		D670FC7E1E68676800CC284B /* dddd.h */ = {isa = PBXFileReference; fileEncoding = 4; lastKnownFileType = sourcecode.c.h; name = dddd.h; path = WKwebview/dddd.h; sourceTree = "<group>"; };
		D670FC7F1E68676800CC284B /* dddd.m */ = {isa = PBXFileReference; fileEncoding = 4; lastKnownFileType = sourcecode.c.objc; name = dddd.m; path = WKwebview/dddd.m; sourceTree = "<group>"; };
/* End PBXFileReference section */

/* Begin PBXFrameworksBuildPhase section */
		D66F16D51E5767B900ABECE9 /* Frameworks */ = {
			isa = PBXFrameworksBuildPhase;
			buildActionMask = 2147483647;
			files = (
			);
			runOnlyForDeploymentPostprocessing = 0;
		};
		D670FC611E68633C00CC284B /* Frameworks */ = {
			isa = PBXFrameworksBuildPhase;
			buildActionMask = 2147483647;
			files = (
			);
			runOnlyForDeploymentPostprocessing = 0;
		};
/* End PBXFrameworksBuildPhase section */

/* Begin PBXGroup section */
		D66F16CF1E5767B900ABECE9 = {
			isa = PBXGroup;
			children = (
				D670FC811E68679800CC284B /* hehe */,
				D66F16DA1E5767BA00ABECE9 /* WKwebview */,
				D670FC651E68633C00CC284B /* yes */,
				D66F16D91E5767B900ABECE9 /* Products */,
			);
			sourceTree = "<group>";
		};
		D66F16D91E5767B900ABECE9 /* Products */ = {
			isa = PBXGroup;
			children = (
				D66F16D81E5767B900ABECE9 /* WKwebview.app */,
				D670FC641E68633C00CC284B /* yes.app */,
			);
			name = Products;
			sourceTree = "<group>";
		};
		D66F16DA1E5767BA00ABECE9 /* WKwebview */ = {
			isa = PBXGroup;
			children = (
				D66F16DE1E5767BA00ABECE9 /* AppDelegate.h */,
				D66F16DF1E5767BA00ABECE9 /* AppDelegate.m */,
				D66F16E11E5767BA00ABECE9 /* ViewController.h */,
				D66F16E21E5767BA00ABECE9 /* ViewController.m */,
				D66F16E41E5767BA00ABECE9 /* Main.storyboard */,
				D66F16E71E5767BA00ABECE9 /* Assets.xcassets */,
				D66F16E91E5767BA00ABECE9 /* LaunchScreen.storyboard */,
				D66F16EC1E5767BA00ABECE9 /* Info.plist */,
				D66F16DB1E5767BA00ABECE9 /* Supporting Files */,
			);
			path = WKwebview;
			sourceTree = "<group>";
		};
		D66F16DB1E5767BA00ABECE9 /* Supporting Files */ = {
			isa = PBXGroup;
			children = (
				D66F16DC1E5767BA00ABECE9 /* main.m */,
			);
			name = "Supporting Files";
			sourceTree = "<group>";
		};
		D670FC651E68633C00CC284B /* yes */ = {
			isa = PBXGroup;
			children = (
				D670FC691E68633C00CC284B /* AppDelegate.h */,
				D670FC6A1E68633C00CC284B /* AppDelegate.m */,
				D670FC6C1E68633C00CC284B /* ViewController.h */,
				D670FC6D1E68633C00CC284B /* ViewController.m */,
				D670FC6F1E68633C00CC284B /* Main.storyboard */,
				D670FC751E68633C00CC284B /* Assets.xcassets */,
				D670FC771E68633C00CC284B /* LaunchScreen.storyboard */,
				D670FC7A1E68633C00CC284B /* Info.plist */,
				D670FC721E68633C00CC284B /* yes.xcdatamodeld */,
				D670FC661E68633C00CC284B /* Supporting Files */,
			);
			path = yes;
			sourceTree = "<group>";
		};
		D670FC661E68633C00CC284B /* Supporting Files */ = {
			isa = PBXGroup;
			children = (
				D670FC671E68633C00CC284B /* main.m */,
			);
			name = "Supporting Files";
			sourceTree = "<group>";
		};
		D670FC811E68679800CC284B /* hehe */ = {
			isa = PBXGroup;
			children = (
				D670FC7E1E68676800CC284B /* dddd.h */,
				D670FC7F1E68676800CC284B /* dddd.m */,
			);
			name = hehe;
			sourceTree = "<group>";
		};
/* End PBXGroup section */

/* Begin PBXNativeTarget section */
		D66F16D71E5767B900ABECE9 /* WKwebview */ = {
			isa = PBXNativeTarget;
			buildConfigurationList = D66F16EF1E5767BA00ABECE9 /* Build configuration list for PBXNativeTarget "WKwebview" */;
			buildPhases = (
				D66F16D41E5767B900ABECE9 /* Sources */,
				D66F16D51E5767B900ABECE9 /* Frameworks */,
				D66F16D61E5767B900ABECE9 /* Resources */,
			);
			buildRules = (
			);
			dependencies = (
			);
			name = WKwebview;
			productName = WKwebview;
			productReference = D66F16D81E5767B900ABECE9 /* WKwebview.app */;
			productType = "com.apple.product-type.application";
		};
		D670FC631E68633C00CC284B /* yes */ = {
			isa = PBXNativeTarget;
			buildConfigurationList = D670FC7B1E68633C00CC284B /* Build configuration list for PBXNativeTarget "yes" */;
			buildPhases = (
				D670FC601E68633C00CC284B /* Sources */,
				D670FC611E68633C00CC284B /* Frameworks */,
				D670FC621E68633C00CC284B /* Resources */,
			);
			buildRules = (
			);
			dependencies = (
			);
			name = yes;
			productName = yes;
			productReference = D670FC641E68633C00CC284B /* yes.app */;
			productType = "com.apple.product-type.application";
		};
/* End PBXNativeTarget section */

/* Begin PBXProject section */
		D66F16D01E5767B900ABECE9 /* Project object */ = {
			isa = PBXProject;
			attributes = {
				LastUpgradeCheck = 0820;
				ORGANIZATIONNAME = "秦榕";
				TargetAttributes = {
					D66F16D71E5767B900ABECE9 = {
						CreatedOnToolsVersion = 8.2.1;
						DevelopmentTeam = P4JDX52JU9;
						ProvisioningStyle = Automatic;
					};
					D670FC631E68633C00CC284B = {
						CreatedOnToolsVersion = 8.2.1;
						DevelopmentTeam = 7PJUU7699F;
						ProvisioningStyle = Automatic;
					};
				};
			};
			buildConfigurationList = D66F16D31E5767B900ABECE9 /* Build configuration list for PBXProject "WKwebview" */;
			compatibilityVersion = "Xcode 3.2";
			developmentRegion = English;
			hasScannedForEncodings = 0;
			knownRegions = (
				en,
				Base,
			);
			mainGroup = D66F16CF1E5767B900ABECE9;
			productRefGroup = D66F16D91E5767B900ABECE9 /* Products */;
			projectDirPath = "";
			projectRoot = "";
			targets = (
				D66F16D71E5767B900ABECE9 /* WKwebview */,
				D670FC631E68633C00CC284B /* yes */,
			);
		};
/* End PBXProject section */

/* Begin PBXResourcesBuildPhase section */
		D66F16D61E5767B900ABECE9 /* Resources */ = {
			isa = PBXResourcesBuildPhase;
			buildActionMask = 2147483647;
			files = (
				D66F16EB1E5767BA00ABECE9 /* LaunchScreen.storyboard in Resources */,
				D66F16E81E5767BA00ABECE9 /* Assets.xcassets in Resources */,
				D66F16E61E5767BA00ABECE9 /* Main.storyboard in Resources */,
			);
			runOnlyForDeploymentPostprocessing = 0;
		};
		D670FC621E68633C00CC284B /* Resources */ = {
			isa = PBXResourcesBuildPhase;
			buildActionMask = 2147483647;
			files = (
				D670FC791E68633C00CC284B /* LaunchScreen.storyboard in Resources */,
				D670FC761E68633C00CC284B /* Assets.xcassets in Resources */,
				D670FC711E68633C00CC284B /* Main.storyboard in Resources */,
			);
			runOnlyForDeploymentPostprocessing = 0;
		};
/* End PBXResourcesBuildPhase section */

/* Begin PBXSourcesBuildPhase section */
		D66F16D41E5767B900ABECE9 /* Sources */ = {
			isa = PBXSourcesBuildPhase;
			buildActionMask = 2147483647;
			files = (
				D66F16E31E5767BA00ABECE9 /* ViewController.m in Sources */,
				D670FC801E68676800CC284B /* dddd.m in Sources */,
				D66F16E01E5767BA00ABECE9 /* AppDelegate.m in Sources */,
				D66F16DD1E5767BA00ABECE9 /* main.m in Sources */,
			);
			runOnlyForDeploymentPostprocessing = 0;
		};
		D670FC601E68633C00CC284B /* Sources */ = {
			isa = PBXSourcesBuildPhase;
			buildActionMask = 2147483647;
			files = (
				D670FC6E1E68633C00CC284B /* ViewController.m in Sources */,
				D670FC741E68633C00CC284B /* yes.xcdatamodeld in Sources */,
				D670FC6B1E68633C00CC284B /* AppDelegate.m in Sources */,
				D670FC681E68633C00CC284B /* main.m in Sources */,
			);
			runOnlyForDeploymentPostprocessing = 0;
		};
/* End PBXSourcesBuildPhase section */

/* Begin PBXVariantGroup section */
		D66F16E41E5767BA00ABECE9 /* Main.storyboard */ = {
			isa = PBXVariantGroup;
			children = (
				D66F16E51E5767BA00ABECE9 /* Base */,
			);
			name = Main.storyboard;
			sourceTree = "<group>";
		};
		D66F16E91E5767BA00ABECE9 /* LaunchScreen.storyboard */ = {
			isa = PBXVariantGroup;
			children = (
				D66F16EA1E5767BA00ABECE9 /* Base */,
			);
			name = LaunchScreen.storyboard;
			sourceTree = "<group>";
		};
		D670FC6F1E68633C00CC284B /* Main.storyboard */ = {
			isa = PBXVariantGroup;
			children = (
				D670FC701E68633C00CC284B /* Base */,
			);
			name = Main.storyboard;
			sourceTree = "<group>";
		};
		D670FC771E68633C00CC284B /* LaunchScreen.storyboard */ = {
			isa = PBXVariantGroup;
			children = (
				D670FC781E68633C00CC284B /* Base */,
			);
			name = LaunchScreen.storyboard;
			sourceTree = "<group>";
		};
/* End PBXVariantGroup section */

/* Begin XCBuildConfiguration section */
		D66F16ED1E5767BA00ABECE9 /* Debug */ = {
			isa = XCBuildConfiguration;
			buildSettings = {
				ALWAYS_SEARCH_USER_PATHS = NO;
				CLANG_ANALYZER_NONNULL = YES;
				CLANG_CXX_LANGUAGE_STANDARD = "gnu++0x";
				CLANG_CXX_LIBRARY = "libc++";
				CLANG_ENABLE_MODULES = YES;
				CLANG_ENABLE_OBJC_ARC = YES;
				CLANG_WARN_BOOL_CONVERSION = YES;
				CLANG_WARN_CONSTANT_CONVERSION = YES;
				CLANG_WARN_DIRECT_OBJC_ISA_USAGE = YES_ERROR;
				CLANG_WARN_DOCUMENTATION_COMMENTS = YES;
				CLANG_WARN_EMPTY_BODY = YES;
				CLANG_WARN_ENUM_CONVERSION = YES;
				CLANG_WARN_INFINITE_RECURSION = YES;
				CLANG_WARN_INT_CONVERSION = YES;
				CLANG_WARN_OBJC_ROOT_CLASS = YES_ERROR;
				CLANG_WARN_SUSPICIOUS_MOVE = YES;
				CLANG_WARN_UNREACHABLE_CODE = YES;
				CLANG_WARN__DUPLICATE_METHOD_MATCH = YES;
				"CODE_SIGN_IDENTITY[sdk=iphoneos*]" = "iPhone Developer";
				COPY_PHASE_STRIP = NO;
				DEBUG_INFORMATION_FORMAT = dwarf;
				ENABLE_STRICT_OBJC_MSGSEND = YES;
				ENABLE_TESTABILITY = YES;
				GCC_C_LANGUAGE_STANDARD = gnu99;
				GCC_DYNAMIC_NO_PIC = NO;
				GCC_NO_COMMON_BLOCKS = YES;
				GCC_OPTIMIZATION_LEVEL = 0;
				GCC_PREPROCESSOR_DEFINITIONS = (
					"DEBUG=1",
					"$(inherited)",
				);
				GCC_WARN_64_TO_32_BIT_CONVERSION = YES;
				GCC_WARN_ABOUT_RETURN_TYPE = YES_ERROR;
				GCC_WARN_UNDECLARED_SELECTOR = YES;
				GCC_WARN_UNINITIALIZED_AUTOS = YES_AGGRESSIVE;
				GCC_WARN_UNUSED_FUNCTION = YES;
				GCC_WARN_UNUSED_VARIABLE = YES;
				IPHONEOS_DEPLOYMENT_TARGET = 10.2;
				MTL_ENABLE_DEBUG_INFO = YES;
				ONLY_ACTIVE_ARCH = YES;
				SDKROOT = iphoneos;
			};
			name = Debug;
		};
		D66F16EE1E5767BA00ABECE9 /* Release */ = {
			isa = XCBuildConfiguration;
			buildSettings = {
				ALWAYS_SEARCH_USER_PATHS = NO;
				CLANG_ANALYZER_NONNULL = YES;
				CLANG_CXX_LANGUAGE_STANDARD = "gnu++0x";
				CLANG_CXX_LIBRARY = "libc++";
				CLANG_ENABLE_MODULES = YES;
				CLANG_ENABLE_OBJC_ARC = YES;
				CLANG_WARN_BOOL_CONVERSION = YES;
				CLANG_WARN_CONSTANT_CONVERSION = YES;
				CLANG_WARN_DIRECT_OBJC_ISA_USAGE = YES_ERROR;
				CLANG_WARN_DOCUMENTATION_COMMENTS = YES;
				CLANG_WARN_EMPTY_BODY = YES;
				CLANG_WARN_ENUM_CONVERSION = YES;
				CLANG_WARN_INFINITE_RECURSION = YES;
				CLANG_WARN_INT_CONVERSION = YES;
				CLANG_WARN_OBJC_ROOT_CLASS = YES_ERROR;
				CLANG_WARN_SUSPICIOUS_MOVE = YES;
				CLANG_WARN_UNREACHABLE_CODE = YES;
				CLANG_WARN__DUPLICATE_METHOD_MATCH = YES;
				"CODE_SIGN_IDENTITY[sdk=iphoneos*]" = "iPhone Developer";
				COPY_PHASE_STRIP = NO;
				DEBUG_INFORMATION_FORMAT = "dwarf-with-dsym";
				ENABLE_NS_ASSERTIONS = NO;
				ENABLE_STRICT_OBJC_MSGSEND = YES;
				GCC_C_LANGUAGE_STANDARD = gnu99;
				GCC_NO_COMMON_BLOCKS = YES;
				GCC_WARN_64_TO_32_BIT_CONVERSION = YES;
				GCC_WARN_ABOUT_RETURN_TYPE = YES_ERROR;
				GCC_WARN_UNDECLARED_SELECTOR = YES;
				GCC_WARN_UNINITIALIZED_AUTOS = YES_AGGRESSIVE;
				GCC_WARN_UNUSED_FUNCTION = YES;
				GCC_WARN_UNUSED_VARIABLE = YES;
				IPHONEOS_DEPLOYMENT_TARGET = 10.2;
				MTL_ENABLE_DEBUG_INFO = NO;
				SDKROOT = iphoneos;
				VALIDATE_PRODUCT = YES;
			};
			name = Release;
		};
		D66F16F01E5767BA00ABECE9 /* Debug */ = {
			isa = XCBuildConfiguration;
			buildSettings = {
				ASSETCATALOG_COMPILER_APPICON_NAME = AppIcon;
				DEVELOPMENT_TEAM = P4JDX52JU9;
				INFOPLIST_FILE = WKwebview/Info.plist;
				LD_RUNPATH_SEARCH_PATHS = "$(inherited) @executable_path/Frameworks";
				PRODUCT_BUNDLE_IDENTIFIER = "--.WKwebview";
				PRODUCT_NAME = "$(TARGET_NAME)";
			};
			name = Debug;
		};
		D66F16F11E5767BA00ABECE9 /* Release */ = {
			isa = XCBuildConfiguration;
			buildSettings = {
				ASSETCATALOG_COMPILER_APPICON_NAME = AppIcon;
				DEVELOPMENT_TEAM = P4JDX52JU9;
				INFOPLIST_FILE = WKwebview/Info.plist;
				LD_RUNPATH_SEARCH_PATHS = "$(inherited) @executable_path/Frameworks";
				PRODUCT_BUNDLE_IDENTIFIER = "--.WKwebview";
				PRODUCT_NAME = "$(TARGET_NAME)";
			};
			name = Release;
		};
		D670FC7C1E68633C00CC284B /* Debug */ = {
			isa = XCBuildConfiguration;
			buildSettings = {
				ASSETCATALOG_COMPILER_APPICON_NAME = AppIcon;
				DEVELOPMENT_TEAM = 7PJUU7699F;
				INFOPLIST_FILE = yes/Info.plist;
				LD_RUNPATH_SEARCH_PATHS = "$(inherited) @executable_path/Frameworks";
				PRODUCT_BUNDLE_IDENTIFIER = "--.yes";
				PRODUCT_NAME = "$(TARGET_NAME)";
			};
			name = Debug;
		};
		D670FC7D1E68633C00CC284B /* Release */ = {
			isa = XCBuildConfiguration;
			buildSettings = {
				ASSETCATALOG_COMPILER_APPICON_NAME = AppIcon;
				DEVELOPMENT_TEAM = 7PJUU7699F;
				INFOPLIST_FILE = yes/Info.plist;
				LD_RUNPATH_SEARCH_PATHS = "$(inherited) @executable_path/Frameworks";
				PRODUCT_BUNDLE_IDENTIFIER = "--.yes";
				PRODUCT_NAME = "$(TARGET_NAME)";
			};
			name = Release;
		};
/* End XCBuildConfiguration section */

/* Begin XCConfigurationList section */
		D66F16D31E5767B900ABECE9 /* Build configuration list for PBXProject "WKwebview" */ = {
			isa = XCConfigurationList;
			buildConfigurations = (
				D66F16ED1E5767BA00ABECE9 /* Debug */,
				D66F16EE1E5767BA00ABECE9 /* Release */,
			);
			defaultConfigurationIsVisible = 0;
			defaultConfigurationName = Release;
		};
		D66F16EF1E5767BA00ABECE9 /* Build configuration list for PBXNativeTarget "WKwebview" */ = {
			isa = XCConfigurationList;
			buildConfigurations = (
				D66F16F01E5767BA00ABECE9 /* Debug */,
				D66F16F11E5767BA00ABECE9 /* Release */,
			);
			defaultConfigurationIsVisible = 0;
			defaultConfigurationName = Release;
		};
		D670FC7B1E68633C00CC284B /* Build configuration list for PBXNativeTarget "yes" */ = {
			isa = XCConfigurationList;
			buildConfigurations = (
				D670FC7C1E68633C00CC284B /* Debug */,
				D670FC7D1E68633C00CC284B /* Release */,
			);
			defaultConfigurationIsVisible = 0;
		};
/* End XCConfigurationList section */

/* Begin XCVersionGroup section */
		D670FC721E68633C00CC284B /* yes.xcdatamodeld */ = {
			isa = XCVersionGroup;
			children = (
				D670FC731E68633C00CC284B /* yes.xcdatamodel */,
			);
			currentVersion = D670FC731E68633C00CC284B /* yes.xcdatamodel */;
			path = yes.xcdatamodeld;
			sourceTree = "<group>";
			versionGroupType = wrapper.xcdatamodel;
		};
/* End XCVersionGroup section */
	};
	rootObject = D66F16D01E5767B900ABECE9 /* Project object */;
}
